{
  "pins" : [
    {
      "identity" : "networklayer",
      "kind" : "remoteSourceControl",
      "location" : "https://github.com/Anikardava97/NetworkLayer.git",
      "state" : {
        "branch" : "main",
        "revision" : "ab914c731e7896d128650ea44c03a9f584f71fbf"
      }
    }
  ],
  "version" : 2
}
